
Microsoft Visual Studio Solution File, Format Version 12.00
# Visual Studio Version 16
VisualStudioVersion = 16.0.30523.141
MinimumVisualStudioVersion = 10.0.40219.1
Project("{FAE04EC0-301F-11D3-BF4B-00C04F79EFBC}") = "ConsoleApp1", "ConsoleApp1\ConsoleApp1.csproj", "{653A785F-C0DB-47FA-8177-B90E1789ACD4}"
EndProject
Global
	GlobalSection(SolutionConfigurationPlatforms) = preSolution
		Debug|Any CPU = Debug|Any CPU
		Release|Any CPU = Release|Any CPU
	EndGlobalSection
	GlobalSection(ProjectConfigurationPlatforms) = postSolution
		{653A785F-C0DB-47FA-8177-B90E1789ACD4}.Debug|Any CPU.ActiveCfg = Debug|Any CPU
		{653A785F-C0DB-47FA-8177-B90E1789ACD4}.Debug|Any CPU.Build.0 = Debug|Any CPU
		{653A785F-C0DB-47FA-8177-B90E1789ACD4}.Release|Any CPU.ActiveCfg = Release|Any CPU
		{653A785F-C0DB-47FA-8177-B90E1789ACD4}.Release|Any CPU.Build.0 = Release|Any CPU
	EndGlobalSection
	GlobalSection(SolutionProperties) = preSolution
		HideSolutionNode = FALSE
	EndGlobalSection
	GlobalSection(ExtensibilityGlobals) = postSolution
		SolutionGuid = {545E7408-3C05-4AB7-87A0-4436E4F29E5B}
	EndGlobalSection
EndGlobal
